
Microsoft Visual Studio Solution File, Format Version 12.00
Project("{FAE04EC0-301F-11D3-BF4B-00C04F79EFBC}") = "CustomerService", "CustomerService\CustomerService.csproj", "{B61C436E-7592-4473-9B88-9A7A84AE3826}"
EndProject
Project("{FAE04EC0-301F-11D3-BF4B-00C04F79EFBC}") = "Gateway", "Gateway\Gateway.csproj", "{4B8A813E-7B8E-4DD5-B981-5B2D7BC399F1}"
EndProject
Project("{FAE04EC0-301F-11D3-BF4B-00C04F79EFBC}") = "Identity.Plugin", "Identity.Plugin\Identity.Plugin.csproj", "{84B3603B-C4D5-43E4-B3F0-989680CB063F}"
EndProject
Project("{FAE04EC0-301F-11D3-BF4B-00C04F79EFBC}") = "IdentityServer", "IdentityServer\IdentityServer.csproj", "{28D12A1C-04FE-44E1-83D8-633DC966EB3F}"
EndProject
Project("{2150E333-8FDC-42A3-9474-1A3956D46DE8}") = "CustomerDomain", "CustomerDomain", "{53E2FDCF-F52C-4677-9E2B-F472CFC7769F}"
EndProject
Project("{2150E333-8FDC-42A3-9474-1A3956D46DE8}") = "PlayerDomain", "PlayerDomain", "{F8EA44DC-FC5A-4A7E-93E5-89F5AAD6BAAA}"
EndProject
Project("{2150E333-8FDC-42A3-9474-1A3956D46DE8}") = "ClientLibraryDomain", "ClientLibraryDomain", "{D96F8DC9-F91A-4381-83A5-3A9D061027FA}"
EndProject
Project("{FAE04EC0-301F-11D3-BF4B-00C04F79EFBC}") = "EasyCloudClient", "EasyCloudClient\EasyCloudClient.csproj", "{000E655A-4A43-458F-BA09-735908522F52}"
EndProject
Project("{FAE04EC0-301F-11D3-BF4B-00C04F79EFBC}") = "EasyCloudClient.Authorization.Steam", "EasyCloudClient.Authorization.Steam\EasyCloudClient.Authorization.Steam.csproj", "{BCD1FFA7-1BBA-4312-8FFC-405594272339}"
EndProject
Project("{FAE04EC0-301F-11D3-BF4B-00C04F79EFBC}") = "PlayerAuthenticatorService", "PlayerAuthenticatorService\PlayerAuthenticatorService.csproj", "{E9DE1494-2D36-409E-8F5D-5F5040F3FF82}"
EndProject
Project("{2150E333-8FDC-42A3-9474-1A3956D46DE8}") = "SharedDomain", "SharedDomain", "{6EE39A86-5DAC-48A0-92D2-E3AC0951AFCA}"
EndProject
Project("{FAE04EC0-301F-11D3-BF4B-00C04F79EFBC}") = "RabbitMq.Abstractions", "RabbitMq.Abstractions\RabbitMq.Abstractions.csproj", "{8D3AD3EA-56EE-40D3-91B9-ABF927349137}"
EndProject
Project("{FAE04EC0-301F-11D3-BF4B-00C04F79EFBC}") = "CustomerService.Contracts", "CustomerService.Contracts\CustomerService.Contracts.csproj", "{AF36EDD1-E36B-4C5C-A0E4-2DA5B810C877}"
EndProject
Project("{FAE04EC0-301F-11D3-BF4B-00C04F79EFBC}") = "Identity.Plugin.Tests", "Identity.Plugin.Tests\Identity.Plugin.Tests.csproj", "{5F57A887-4772-4E3F-A82E-8FD39B6DF782}"
EndProject
Project("{FAE04EC0-301F-11D3-BF4B-00C04F79EFBC}") = "Identity.Plugin.Integration", "Identity.Plugin.Integration\Identity.Plugin.Integration.csproj", "{A1C6B445-B3AE-4904-8F4E-84ADF7D972B6}"
EndProject
Project("{2150E333-8FDC-42A3-9474-1A3956D46DE8}") = "AuthDomain", "AuthDomain", "{B74DE49B-EAEB-4EBA-B91C-BD4480EDC618}"
EndProject
Global
	GlobalSection(SolutionConfigurationPlatforms) = preSolution
		Debug|Any CPU = Debug|Any CPU
		Release|Any CPU = Release|Any CPU
	EndGlobalSection
	GlobalSection(ProjectConfigurationPlatforms) = postSolution
		{B61C436E-7592-4473-9B88-9A7A84AE3826}.Debug|Any CPU.ActiveCfg = Debug|Any CPU
		{B61C436E-7592-4473-9B88-9A7A84AE3826}.Debug|Any CPU.Build.0 = Debug|Any CPU
		{B61C436E-7592-4473-9B88-9A7A84AE3826}.Release|Any CPU.ActiveCfg = Release|Any CPU
		{B61C436E-7592-4473-9B88-9A7A84AE3826}.Release|Any CPU.Build.0 = Release|Any CPU
		{4B8A813E-7B8E-4DD5-B981-5B2D7BC399F1}.Debug|Any CPU.ActiveCfg = Debug|Any CPU
		{4B8A813E-7B8E-4DD5-B981-5B2D7BC399F1}.Debug|Any CPU.Build.0 = Debug|Any CPU
		{4B8A813E-7B8E-4DD5-B981-5B2D7BC399F1}.Release|Any CPU.ActiveCfg = Release|Any CPU
		{4B8A813E-7B8E-4DD5-B981-5B2D7BC399F1}.Release|Any CPU.Build.0 = Release|Any CPU
		{84B3603B-C4D5-43E4-B3F0-989680CB063F}.Debug|Any CPU.ActiveCfg = Debug|Any CPU
		{84B3603B-C4D5-43E4-B3F0-989680CB063F}.Debug|Any CPU.Build.0 = Debug|Any CPU
		{84B3603B-C4D5-43E4-B3F0-989680CB063F}.Release|Any CPU.ActiveCfg = Release|Any CPU
		{84B3603B-C4D5-43E4-B3F0-989680CB063F}.Release|Any CPU.Build.0 = Release|Any CPU
		{28D12A1C-04FE-44E1-83D8-633DC966EB3F}.Debug|Any CPU.ActiveCfg = Debug|Any CPU
		{28D12A1C-04FE-44E1-83D8-633DC966EB3F}.Debug|Any CPU.Build.0 = Debug|Any CPU
		{28D12A1C-04FE-44E1-83D8-633DC966EB3F}.Release|Any CPU.ActiveCfg = Release|Any CPU
		{28D12A1C-04FE-44E1-83D8-633DC966EB3F}.Release|Any CPU.Build.0 = Release|Any CPU
		{000E655A-4A43-458F-BA09-735908522F52}.Debug|Any CPU.ActiveCfg = Debug|Any CPU
		{000E655A-4A43-458F-BA09-735908522F52}.Debug|Any CPU.Build.0 = Debug|Any CPU
		{000E655A-4A43-458F-BA09-735908522F52}.Release|Any CPU.ActiveCfg = Release|Any CPU
		{000E655A-4A43-458F-BA09-735908522F52}.Release|Any CPU.Build.0 = Release|Any CPU
		{BCD1FFA7-1BBA-4312-8FFC-405594272339}.Debug|Any CPU.ActiveCfg = Debug|Any CPU
		{BCD1FFA7-1BBA-4312-8FFC-405594272339}.Debug|Any CPU.Build.0 = Debug|Any CPU
		{BCD1FFA7-1BBA-4312-8FFC-405594272339}.Release|Any CPU.ActiveCfg = Release|Any CPU
		{BCD1FFA7-1BBA-4312-8FFC-405594272339}.Release|Any CPU.Build.0 = Release|Any CPU
		{E9DE1494-2D36-409E-8F5D-5F5040F3FF82}.Debug|Any CPU.ActiveCfg = Debug|Any CPU
		{E9DE1494-2D36-409E-8F5D-5F5040F3FF82}.Debug|Any CPU.Build.0 = Debug|Any CPU
		{E9DE1494-2D36-409E-8F5D-5F5040F3FF82}.Release|Any CPU.ActiveCfg = Release|Any CPU
		{E9DE1494-2D36-409E-8F5D-5F5040F3FF82}.Release|Any CPU.Build.0 = Release|Any CPU
		{8D3AD3EA-56EE-40D3-91B9-ABF927349137}.Debug|Any CPU.ActiveCfg = Debug|Any CPU
		{8D3AD3EA-56EE-40D3-91B9-ABF927349137}.Debug|Any CPU.Build.0 = Debug|Any CPU
		{8D3AD3EA-56EE-40D3-91B9-ABF927349137}.Release|Any CPU.ActiveCfg = Release|Any CPU
		{8D3AD3EA-56EE-40D3-91B9-ABF927349137}.Release|Any CPU.Build.0 = Release|Any CPU
		{AF36EDD1-E36B-4C5C-A0E4-2DA5B810C877}.Debug|Any CPU.ActiveCfg = Debug|Any CPU
		{AF36EDD1-E36B-4C5C-A0E4-2DA5B810C877}.Debug|Any CPU.Build.0 = Debug|Any CPU
		{AF36EDD1-E36B-4C5C-A0E4-2DA5B810C877}.Release|Any CPU.ActiveCfg = Release|Any CPU
		{AF36EDD1-E36B-4C5C-A0E4-2DA5B810C877}.Release|Any CPU.Build.0 = Release|Any CPU
		{5F57A887-4772-4E3F-A82E-8FD39B6DF782}.Debug|Any CPU.ActiveCfg = Debug|Any CPU
		{5F57A887-4772-4E3F-A82E-8FD39B6DF782}.Debug|Any CPU.Build.0 = Debug|Any CPU
		{5F57A887-4772-4E3F-A82E-8FD39B6DF782}.Release|Any CPU.ActiveCfg = Release|Any CPU
		{5F57A887-4772-4E3F-A82E-8FD39B6DF782}.Release|Any CPU.Build.0 = Release|Any CPU
		{A1C6B445-B3AE-4904-8F4E-84ADF7D972B6}.Debug|Any CPU.ActiveCfg = Debug|Any CPU
		{A1C6B445-B3AE-4904-8F4E-84ADF7D972B6}.Debug|Any CPU.Build.0 = Debug|Any CPU
		{A1C6B445-B3AE-4904-8F4E-84ADF7D972B6}.Release|Any CPU.ActiveCfg = Release|Any CPU
		{A1C6B445-B3AE-4904-8F4E-84ADF7D972B6}.Release|Any CPU.Build.0 = Release|Any CPU
	EndGlobalSection
	GlobalSection(NestedProjects) = preSolution
		{B61C436E-7592-4473-9B88-9A7A84AE3826} = {53E2FDCF-F52C-4677-9E2B-F472CFC7769F}
		{000E655A-4A43-458F-BA09-735908522F52} = {D96F8DC9-F91A-4381-83A5-3A9D061027FA}
		{BCD1FFA7-1BBA-4312-8FFC-405594272339} = {D96F8DC9-F91A-4381-83A5-3A9D061027FA}
		{E9DE1494-2D36-409E-8F5D-5F5040F3FF82} = {F8EA44DC-FC5A-4A7E-93E5-89F5AAD6BAAA}
		{8D3AD3EA-56EE-40D3-91B9-ABF927349137} = {6EE39A86-5DAC-48A0-92D2-E3AC0951AFCA}
		{AF36EDD1-E36B-4C5C-A0E4-2DA5B810C877} = {6EE39A86-5DAC-48A0-92D2-E3AC0951AFCA}
		{A1C6B445-B3AE-4904-8F4E-84ADF7D972B6} = {B74DE49B-EAEB-4EBA-B91C-BD4480EDC618}
		{28D12A1C-04FE-44E1-83D8-633DC966EB3F} = {B74DE49B-EAEB-4EBA-B91C-BD4480EDC618}
		{5F57A887-4772-4E3F-A82E-8FD39B6DF782} = {B74DE49B-EAEB-4EBA-B91C-BD4480EDC618}
		{84B3603B-C4D5-43E4-B3F0-989680CB063F} = {B74DE49B-EAEB-4EBA-B91C-BD4480EDC618}
	EndGlobalSection
EndGlobal
